
Microsoft Visual Studio Solution File, Format Version 12.00
# Visual Studio Version 17
VisualStudioVersion = 17.1.32319.34
MinimumVisualStudioVersion = 10.0.40219.1
Project("{2150E333-8FDC-42A3-9474-1A3956D46DE8}") = "Solution Items", "Solution Items", "{0F0676E9-1533-4AD5-A9B1-6BEB52903EC1}"
	ProjectSection(SolutionItems) = preProject
		readme.md = readme.md
	EndProjectSection
EndProject
Project("{9A19103F-16F7-4668-BE54-9A1E7A4F7556}") = "WebviewAppShared", "src\WebviewAppShared\WebviewAppShared.csproj", "{12433B36-02DA-4530-B233-621F75E0D517}"
EndProject
Project("{9A19103F-16F7-4668-BE54-9A1E7A4F7556}") = "BlazorWpfApp", "src\BlazorWpfApp\BlazorWpfApp.csproj", "{EDE8422E-984D-493F-B171-4DA13DDC8209}"
EndProject
Project("{9A19103F-16F7-4668-BE54-9A1E7A4F7556}") = "Ultron.BladeBoard", "..\Ultron.BladeBoard.Abstraction\Ultron.BladeBoard\Ultron.BladeBoard.csproj", "{4919A59A-A811-426D-B527-AD7771C029AF}"
EndProject
Project("{9A19103F-16F7-4668-BE54-9A1E7A4F7556}") = "Ultron.BladeBoard.Abstraction", "..\Ultron.BladeBoard.Abstraction\Ultron.BladeBoard.Abstraction\Ultron.BladeBoard.Abstraction.csproj", "{9D9FFC5A-06A5-41CC-B58F-6EAC2A9AB99F}"
EndProject
Global
	GlobalSection(SolutionConfigurationPlatforms) = preSolution
		Debug|Any CPU = Debug|Any CPU
		Release|Any CPU = Release|Any CPU
	EndGlobalSection
	GlobalSection(ProjectConfigurationPlatforms) = postSolution
		{12433B36-02DA-4530-B233-621F75E0D517}.Debug|Any CPU.ActiveCfg = Debug|Any CPU
		{12433B36-02DA-4530-B233-621F75E0D517}.Debug|Any CPU.Build.0 = Debug|Any CPU
		{12433B36-02DA-4530-B233-621F75E0D517}.Release|Any CPU.ActiveCfg = Release|Any CPU
		{12433B36-02DA-4530-B233-621F75E0D517}.Release|Any CPU.Build.0 = Release|Any CPU
		{EDE8422E-984D-493F-B171-4DA13DDC8209}.Debug|Any CPU.ActiveCfg = Debug|Any CPU
		{EDE8422E-984D-493F-B171-4DA13DDC8209}.Debug|Any CPU.Build.0 = Debug|Any CPU
		{EDE8422E-984D-493F-B171-4DA13DDC8209}.Release|Any CPU.ActiveCfg = Release|Any CPU
		{EDE8422E-984D-493F-B171-4DA13DDC8209}.Release|Any CPU.Build.0 = Release|Any CPU
		{4919A59A-A811-426D-B527-AD7771C029AF}.Debug|Any CPU.ActiveCfg = Debug|Any CPU
		{4919A59A-A811-426D-B527-AD7771C029AF}.Debug|Any CPU.Build.0 = Debug|Any CPU
		{4919A59A-A811-426D-B527-AD7771C029AF}.Release|Any CPU.ActiveCfg = Release|Any CPU
		{4919A59A-A811-426D-B527-AD7771C029AF}.Release|Any CPU.Build.0 = Release|Any CPU
		{9D9FFC5A-06A5-41CC-B58F-6EAC2A9AB99F}.Debug|Any CPU.ActiveCfg = Debug|Any CPU
		{9D9FFC5A-06A5-41CC-B58F-6EAC2A9AB99F}.Debug|Any CPU.Build.0 = Debug|Any CPU
		{9D9FFC5A-06A5-41CC-B58F-6EAC2A9AB99F}.Release|Any CPU.ActiveCfg = Release|Any CPU
		{9D9FFC5A-06A5-41CC-B58F-6EAC2A9AB99F}.Release|Any CPU.Build.0 = Release|Any CPU
	EndGlobalSection
	GlobalSection(SolutionProperties) = preSolution
		HideSolutionNode = FALSE
	EndGlobalSection
	GlobalSection(ExtensibilityGlobals) = postSolution
		SolutionGuid = {83E26756-FC19-479A-9074-C74CC45932CF}
	EndGlobalSection
EndGlobal
